// !$*UTF8*$!
{
	archiveVersion = 1;
	classes = {
	};
	objectVersion = 50;
	objects = {

/* Begin PBXBuildFile section */
		804815FE22C3A9BC00A89E12 /* FlickrPhotoSearchOperation.m in Sources */ = {isa = PBXBuildFile; fileRef = 804815FD22C3A9BC00A89E12 /* FlickrPhotoSearchOperation.m */; };
		8048160122C3B39100A89E12 /* FlickrAsyncOperation.m in Sources */ = {isa = PBXBuildFile; fileRef = 8048160022C3B39100A89E12 /* FlickrAsyncOperation.m */; };
		8048160522C3DA3400A89E12 /* FlickrPhotosSearch.m in Sources */ = {isa = PBXBuildFile; fileRef = 8048160422C3DA3400A89E12 /* FlickrPhotosSearch.m */; };
		8048160822C3DADC00A89E12 /* FlickrPhoto.m in Sources */ = {isa = PBXBuildFile; fileRef = 8048160722C3DADC00A89E12 /* FlickrPhoto.m */; };
		8048160D22C3E17B00A89E12 /* FlickrPhotoDownloadService.m in Sources */ = {isa = PBXBuildFile; fileRef = 8048160C22C3E17B00A89E12 /* FlickrPhotoDownloadService.m */; };
		8048161022C3E34000A89E12 /* FlickrPhotoDownloadOperation.m in Sources */ = {isa = PBXBuildFile; fileRef = 8048160F22C3E34000A89E12 /* FlickrPhotoDownloadOperation.m */; };
		8048161322C3E40A00A89E12 /* FlickrPhotoSearchAndDownloadAsyncOperation.m in Sources */ = {isa = PBXBuildFile; fileRef = 8048161222C3E40A00A89E12 /* FlickrPhotoSearchAndDownloadAsyncOperation.m */; };
		8048161722C3EE4C00A89E12 /* PhotoSearchViewModel.m in Sources */ = {isa = PBXBuildFile; fileRef = 8048161622C3EE4C00A89E12 /* PhotoSearchViewModel.m */; };
		8048162822C525C100A89E12 /* FlickrPhotoCache.m in Sources */ = {isa = PBXBuildFile; fileRef = 8048162722C525C100A89E12 /* FlickrPhotoCache.m */; };
		8048162F22C52E0000A89E12 /* FlickrImageCell.m in Sources */ = {isa = PBXBuildFile; fileRef = 8048162E22C52E0000A89E12 /* FlickrImageCell.m */; };
		8056107222C26299005B6752 /* AppDelegate.m in Sources */ = {isa = PBXBuildFile; fileRef = 8056107122C26299005B6752 /* AppDelegate.m */; };
		8056107522C26299005B6752 /* ViewController.m in Sources */ = {isa = PBXBuildFile; fileRef = 8056107422C26299005B6752 /* ViewController.m */; };
		8056107822C26299005B6752 /* Main.storyboard in Resources */ = {isa = PBXBuildFile; fileRef = 8056107622C26299005B6752 /* Main.storyboard */; };
		8056107A22C2629A005B6752 /* Assets.xcassets in Resources */ = {isa = PBXBuildFile; fileRef = 8056107922C2629A005B6752 /* Assets.xcassets */; };
		8056107D22C2629A005B6752 /* LaunchScreen.storyboard in Resources */ = {isa = PBXBuildFile; fileRef = 8056107B22C2629A005B6752 /* LaunchScreen.storyboard */; };
		8056108022C2629A005B6752 /* main.m in Sources */ = {isa = PBXBuildFile; fileRef = 8056107F22C2629A005B6752 /* main.m */; };
		805610A322C29301005B6752 /* FlickrPhotoSearchService.m in Sources */ = {isa = PBXBuildFile; fileRef = 805610A222C29301005B6752 /* FlickrPhotoSearchService.m */; };
		809B57F922C67AFC00229E23 /* placeholderSample.png in Resources */ = {isa = PBXBuildFile; fileRef = 809B57F822C67AFB00229E23 /* placeholderSample.png */; };
		80CF428E22C655BC008C9DD7 /* FlickrSearchViewModelTests.m in Sources */ = {isa = PBXBuildFile; fileRef = 80CF428D22C655BC008C9DD7 /* FlickrSearchViewModelTests.m */; };
		80CF429022C657BB008C9DD7 /* FlickrPhotoCacheTests.m in Sources */ = {isa = PBXBuildFile; fileRef = 80CF428F22C657BB008C9DD7 /* FlickrPhotoCacheTests.m */; };
		80CF429222C657E5008C9DD7 /* FlickrPhotoSearchTests.m in Sources */ = {isa = PBXBuildFile; fileRef = 80CF429122C657E5008C9DD7 /* FlickrPhotoSearchTests.m */; };
		80CF429422C657FD008C9DD7 /* FlickrPhotoTests.m in Sources */ = {isa = PBXBuildFile; fileRef = 80CF429322C657FD008C9DD7 /* FlickrPhotoTests.m */; };
		80CF429A22C65975008C9DD7 /* FlickrPhotoSample.json in Resources */ = {isa = PBXBuildFile; fileRef = 80CF429922C65974008C9DD7 /* FlickrPhotoSample.json */; };
		80CF429C22C6598B008C9DD7 /* FlickrPhotoSearchPage2Sample.json in Resources */ = {isa = PBXBuildFile; fileRef = 80CF429B22C6598A008C9DD7 /* FlickrPhotoSearchPage2Sample.json */; };
		80CF429E22C6599F008C9DD7 /* FlickrPhotoSearchSample.json in Resources */ = {isa = PBXBuildFile; fileRef = 80CF429D22C6599E008C9DD7 /* FlickrPhotoSearchSample.json */; };
		80CF42A122C65E26008C9DD7 /* TestsUtility.m in Sources */ = {isa = PBXBuildFile; fileRef = 80CF42A022C65E26008C9DD7 /* TestsUtility.m */; };
/* End PBXBuildFile section */

/* Begin PBXContainerItemProxy section */
		8056108622C2629A005B6752 /* PBXContainerItemProxy */ = {
			isa = PBXContainerItemProxy;
			containerPortal = 8056106522C26299005B6752 /* Project object */;
			proxyType = 1;
			remoteGlobalIDString = 8056106C22C26299005B6752;
			remoteInfo = FlickrImageSearch;
		};
/* End PBXContainerItemProxy section */

/* Begin PBXFileReference section */
		804815FC22C3A9BC00A89E12 /* FlickrPhotoSearchOperation.h */ = {isa = PBXFileReference; lastKnownFileType = sourcecode.c.h; path = FlickrPhotoSearchOperation.h; sourceTree = "<group>"; };
		804815FD22C3A9BC00A89E12 /* FlickrPhotoSearchOperation.m */ = {isa = PBXFileReference; lastKnownFileType = sourcecode.c.objc; path = FlickrPhotoSearchOperation.m; sourceTree = "<group>"; };
		804815FF22C3B39100A89E12 /* FlickrAsyncOperation.h */ = {isa = PBXFileReference; lastKnownFileType = sourcecode.c.h; path = FlickrAsyncOperation.h; sourceTree = "<group>"; };
		8048160022C3B39100A89E12 /* FlickrAsyncOperation.m */ = {isa = PBXFileReference; lastKnownFileType = sourcecode.c.objc; path = FlickrAsyncOperation.m; sourceTree = "<group>"; };
		8048160322C3DA3400A89E12 /* FlickrPhotosSearch.h */ = {isa = PBXFileReference; lastKnownFileType = sourcecode.c.h; path = FlickrPhotosSearch.h; sourceTree = "<group>"; };
		8048160422C3DA3400A89E12 /* FlickrPhotosSearch.m */ = {isa = PBXFileReference; lastKnownFileType = sourcecode.c.objc; path = FlickrPhotosSearch.m; sourceTree = "<group>"; };
		8048160622C3DADC00A89E12 /* FlickrPhoto.h */ = {isa = PBXFileReference; lastKnownFileType = sourcecode.c.h; path = FlickrPhoto.h; sourceTree = "<group>"; };
		8048160722C3DADC00A89E12 /* FlickrPhoto.m */ = {isa = PBXFileReference; lastKnownFileType = sourcecode.c.objc; path = FlickrPhoto.m; sourceTree = "<group>"; };
		8048160B22C3E17B00A89E12 /* FlickrPhotoDownloadService.h */ = {isa = PBXFileReference; lastKnownFileType = sourcecode.c.h; path = FlickrPhotoDownloadService.h; sourceTree = "<group>"; };
		8048160C22C3E17B00A89E12 /* FlickrPhotoDownloadService.m */ = {isa = PBXFileReference; lastKnownFileType = sourcecode.c.objc; path = FlickrPhotoDownloadService.m; sourceTree = "<group>"; };
		8048160E22C3E34000A89E12 /* FlickrPhotoDownloadOperation.h */ = {isa = PBXFileReference; lastKnownFileType = sourcecode.c.h; path = FlickrPhotoDownloadOperation.h; sourceTree = "<group>"; };
		8048160F22C3E34000A89E12 /* FlickrPhotoDownloadOperation.m */ = {isa = PBXFileReference; lastKnownFileType = sourcecode.c.objc; path = FlickrPhotoDownloadOperation.m; sourceTree = "<group>"; };
		8048161122C3E40A00A89E12 /* FlickrPhotoSearchAndDownloadAsyncOperation.h */ = {isa = PBXFileReference; lastKnownFileType = sourcecode.c.h; path = FlickrPhotoSearchAndDownloadAsyncOperation.h; sourceTree = "<group>"; };
		8048161222C3E40A00A89E12 /* FlickrPhotoSearchAndDownloadAsyncOperation.m */ = {isa = PBXFileReference; lastKnownFileType = sourcecode.c.objc; path = FlickrPhotoSearchAndDownloadAsyncOperation.m; sourceTree = "<group>"; };
		8048161522C3EE4C00A89E12 /* PhotoSearchViewModel.h */ = {isa = PBXFileReference; lastKnownFileType = sourcecode.c.h; path = PhotoSearchViewModel.h; sourceTree = "<group>"; };
		8048161622C3EE4C00A89E12 /* PhotoSearchViewModel.m */ = {isa = PBXFileReference; lastKnownFileType = sourcecode.c.objc; path = PhotoSearchViewModel.m; sourceTree = "<group>"; };
		8048162622C525C100A89E12 /* FlickrPhotoCache.h */ = {isa = PBXFileReference; lastKnownFileType = sourcecode.c.h; path = FlickrPhotoCache.h; sourceTree = "<group>"; };
		8048162722C525C100A89E12 /* FlickrPhotoCache.m */ = {isa = PBXFileReference; lastKnownFileType = sourcecode.c.objc; path = FlickrPhotoCache.m; sourceTree = "<group>"; };
		8048162D22C52E0000A89E12 /* FlickrImageCell.h */ = {isa = PBXFileReference; lastKnownFileType = sourcecode.c.h; path = FlickrImageCell.h; sourceTree = "<group>"; };
		8048162E22C52E0000A89E12 /* FlickrImageCell.m */ = {isa = PBXFileReference; lastKnownFileType = sourcecode.c.objc; path = FlickrImageCell.m; sourceTree = "<group>"; };
		8056106D22C26299005B6752 /* FlickrImageSearch.app */ = {isa = PBXFileReference; explicitFileType = wrapper.application; includeInIndex = 0; path = FlickrImageSearch.app; sourceTree = BUILT_PRODUCTS_DIR; };
		8056107022C26299005B6752 /* AppDelegate.h */ = {isa = PBXFileReference; lastKnownFileType = sourcecode.c.h; path = AppDelegate.h; sourceTree = "<group>"; };
		8056107122C26299005B6752 /* AppDelegate.m */ = {isa = PBXFileReference; lastKnownFileType = sourcecode.c.objc; path = AppDelegate.m; sourceTree = "<group>"; };
		8056107322C26299005B6752 /* ViewController.h */ = {isa = PBXFileReference; lastKnownFileType = sourcecode.c.h; path = ViewController.h; sourceTree = "<group>"; };
		8056107422C26299005B6752 /* ViewController.m */ = {isa = PBXFileReference; lastKnownFileType = sourcecode.c.objc; path = ViewController.m; sourceTree = "<group>"; };
		8056107722C26299005B6752 /* Base */ = {isa = PBXFileReference; lastKnownFileType = file.storyboard; name = Base; path = Base.lproj/Main.storyboard; sourceTree = "<group>"; };
		8056107922C2629A005B6752 /* Assets.xcassets */ = {isa = PBXFileReference; lastKnownFileType = folder.assetcatalog; path = Assets.xcassets; sourceTree = "<group>"; };
		8056107C22C2629A005B6752 /* Base */ = {isa = PBXFileReference; lastKnownFileType = file.storyboard; name = Base; path = Base.lproj/LaunchScreen.storyboard; sourceTree = "<group>"; };
		8056107E22C2629A005B6752 /* Info.plist */ = {isa = PBXFileReference; lastKnownFileType = text.plist.xml; path = Info.plist; sourceTree = "<group>"; };
		8056107F22C2629A005B6752 /* main.m */ = {isa = PBXFileReference; lastKnownFileType = sourcecode.c.objc; path = main.m; sourceTree = "<group>"; };
		8056108522C2629A005B6752 /* FlickrImageSearchTests.xctest */ = {isa = PBXFileReference; explicitFileType = wrapper.cfbundle; includeInIndex = 0; path = FlickrImageSearchTests.xctest; sourceTree = BUILT_PRODUCTS_DIR; };
		8056108B22C2629A005B6752 /* Info.plist */ = {isa = PBXFileReference; lastKnownFileType = text.plist.xml; path = Info.plist; sourceTree = "<group>"; };
		8056109622C2891E005B6752 /* FlickrConstants.h */ = {isa = PBXFileReference; lastKnownFileType = sourcecode.c.h; path = FlickrConstants.h; sourceTree = "<group>"; };
		805610A122C29301005B6752 /* FlickrPhotoSearchService.h */ = {isa = PBXFileReference; lastKnownFileType = sourcecode.c.h; path = FlickrPhotoSearchService.h; sourceTree = "<group>"; };
		805610A222C29301005B6752 /* FlickrPhotoSearchService.m */ = {isa = PBXFileReference; lastKnownFileType = sourcecode.c.objc; path = FlickrPhotoSearchService.m; sourceTree = "<group>"; };
		809B57F822C67AFB00229E23 /* placeholderSample.png */ = {isa = PBXFileReference; lastKnownFileType = image.png; path = placeholderSample.png; sourceTree = "<group>"; };
		80CF428D22C655BC008C9DD7 /* FlickrSearchViewModelTests.m */ = {isa = PBXFileReference; lastKnownFileType = sourcecode.c.objc; path = FlickrSearchViewModelTests.m; sourceTree = "<group>"; };
		80CF428F22C657BB008C9DD7 /* FlickrPhotoCacheTests.m */ = {isa = PBXFileReference; lastKnownFileType = sourcecode.c.objc; path = FlickrPhotoCacheTests.m; sourceTree = "<group>"; };
		80CF429122C657E5008C9DD7 /* FlickrPhotoSearchTests.m */ = {isa = PBXFileReference; lastKnownFileType = sourcecode.c.objc; path = FlickrPhotoSearchTests.m; sourceTree = "<group>"; };
		80CF429322C657FD008C9DD7 /* FlickrPhotoTests.m */ = {isa = PBXFileReference; lastKnownFileType = sourcecode.c.objc; path = FlickrPhotoTests.m; sourceTree = "<group>"; };
		80CF429922C65974008C9DD7 /* FlickrPhotoSample.json */ = {isa = PBXFileReference; fileEncoding = 4; lastKnownFileType = text.json; path = FlickrPhotoSample.json; sourceTree = "<group>"; };
		80CF429B22C6598A008C9DD7 /* FlickrPhotoSearchPage2Sample.json */ = {isa = PBXFileReference; fileEncoding = 4; lastKnownFileType = text.json; path = FlickrPhotoSearchPage2Sample.json; sourceTree = "<group>"; };
		80CF429D22C6599E008C9DD7 /* FlickrPhotoSearchSample.json */ = {isa = PBXFileReference; fileEncoding = 4; lastKnownFileType = text.json; path = FlickrPhotoSearchSample.json; sourceTree = "<group>"; };
		80CF429F22C65E26008C9DD7 /* TestsUtility.h */ = {isa = PBXFileReference; lastKnownFileType = sourcecode.c.h; path = TestsUtility.h; sourceTree = "<group>"; };
		80CF42A022C65E26008C9DD7 /* TestsUtility.m */ = {isa = PBXFileReference; lastKnownFileType = sourcecode.c.objc; path = TestsUtility.m; sourceTree = "<group>"; };
/* End PBXFileReference section */

/* Begin PBXFrameworksBuildPhase section */
		8056106A22C26299005B6752 /* Frameworks */ = {
			isa = PBXFrameworksBuildPhase;
			buildActionMask = 2147483647;
			files = (
			);
			runOnlyForDeploymentPostprocessing = 0;
		};
		8056108222C2629A005B6752 /* Frameworks */ = {
			isa = PBXFrameworksBuildPhase;
			buildActionMask = 2147483647;
			files = (
			);
			runOnlyForDeploymentPostprocessing = 0;
		};
/* End PBXFrameworksBuildPhase section */

/* Begin PBXGroup section */
		8048160222C3D95B00A89E12 /* Models */ = {
			isa = PBXGroup;
			children = (
				8048160322C3DA3400A89E12 /* FlickrPhotosSearch.h */,
				8048160422C3DA3400A89E12 /* FlickrPhotosSearch.m */,
				8048160622C3DADC00A89E12 /* FlickrPhoto.h */,
				8048160722C3DADC00A89E12 /* FlickrPhoto.m */,
			);
			path = Models;
			sourceTree = "<group>";
		};
		8048160922C3E10900A89E12 /* PhotoSearchService */ = {
			isa = PBXGroup;
			children = (
				805610A122C29301005B6752 /* FlickrPhotoSearchService.h */,
				805610A222C29301005B6752 /* FlickrPhotoSearchService.m */,
				804815FC22C3A9BC00A89E12 /* FlickrPhotoSearchOperation.h */,
				804815FD22C3A9BC00A89E12 /* FlickrPhotoSearchOperation.m */,
			);
			path = PhotoSearchService;
			sourceTree = "<group>";
		};
		8048160A22C3E12500A89E12 /* PhotoDownloadService */ = {
			isa = PBXGroup;
			children = (
				8048160B22C3E17B00A89E12 /* FlickrPhotoDownloadService.h */,
				8048160C22C3E17B00A89E12 /* FlickrPhotoDownloadService.m */,
				8048160E22C3E34000A89E12 /* FlickrPhotoDownloadOperation.h */,
				8048160F22C3E34000A89E12 /* FlickrPhotoDownloadOperation.m */,
			);
			path = PhotoDownloadService;
			sourceTree = "<group>";
		};
		8048161422C3EE2F00A89E12 /* ViewModels */ = {
			isa = PBXGroup;
			children = (
				8048161522C3EE4C00A89E12 /* PhotoSearchViewModel.h */,
				8048161622C3EE4C00A89E12 /* PhotoSearchViewModel.m */,
			);
			path = ViewModels;
			sourceTree = "<group>";
		};
		8048162522C525A800A89E12 /* ImageCache */ = {
			isa = PBXGroup;
			children = (
				8048162622C525C100A89E12 /* FlickrPhotoCache.h */,
				8048162722C525C100A89E12 /* FlickrPhotoCache.m */,
			);
			path = ImageCache;
			sourceTree = "<group>";
		};
		8048162922C52DCC00A89E12 /* cell */ = {
			isa = PBXGroup;
			children = (
				8048162D22C52E0000A89E12 /* FlickrImageCell.h */,
				8048162E22C52E0000A89E12 /* FlickrImageCell.m */,
			);
			path = cell;
			sourceTree = "<group>";
		};
		8056106422C26299005B6752 = {
			isa = PBXGroup;
			children = (
				8056106F22C26299005B6752 /* FlickrImageSearch */,
				8056108822C2629A005B6752 /* FlickrImageSearchTests */,
				8056106E22C26299005B6752 /* Products */,
			);
			sourceTree = "<group>";
		};
		8056106E22C26299005B6752 /* Products */ = {
			isa = PBXGroup;
			children = (
				8056106D22C26299005B6752 /* FlickrImageSearch.app */,
				8056108522C2629A005B6752 /* FlickrImageSearchTests.xctest */,
			);
			name = Products;
			sourceTree = "<group>";
		};
		8056106F22C26299005B6752 /* FlickrImageSearch */ = {
			isa = PBXGroup;
			children = (
				8048162922C52DCC00A89E12 /* cell */,
				8048162522C525A800A89E12 /* ImageCache */,
				8048161422C3EE2F00A89E12 /* ViewModels */,
				8048160222C3D95B00A89E12 /* Models */,
				8056109D22C2912A005B6752 /* NetworkOperations */,
				8056109522C288CE005B6752 /* Constants */,
				8056107022C26299005B6752 /* AppDelegate.h */,
				8056107122C26299005B6752 /* AppDelegate.m */,
				8056107322C26299005B6752 /* ViewController.h */,
				8056107422C26299005B6752 /* ViewController.m */,
				8056107622C26299005B6752 /* Main.storyboard */,
				8056107922C2629A005B6752 /* Assets.xcassets */,
				8056107B22C2629A005B6752 /* LaunchScreen.storyboard */,
				8056107E22C2629A005B6752 /* Info.plist */,
				8056107F22C2629A005B6752 /* main.m */,
			);
			path = FlickrImageSearch;
			sourceTree = "<group>";
		};
		8056108822C2629A005B6752 /* FlickrImageSearchTests */ = {
			isa = PBXGroup;
			children = (
				809B57F822C67AFB00229E23 /* placeholderSample.png */,
				80CF429D22C6599E008C9DD7 /* FlickrPhotoSearchSample.json */,
				80CF429B22C6598A008C9DD7 /* FlickrPhotoSearchPage2Sample.json */,
				80CF429922C65974008C9DD7 /* FlickrPhotoSample.json */,
				8056108B22C2629A005B6752 /* Info.plist */,
				80CF428D22C655BC008C9DD7 /* FlickrSearchViewModelTests.m */,
				80CF428F22C657BB008C9DD7 /* FlickrPhotoCacheTests.m */,
				80CF429122C657E5008C9DD7 /* FlickrPhotoSearchTests.m */,
				80CF429322C657FD008C9DD7 /* FlickrPhotoTests.m */,
				80CF429F22C65E26008C9DD7 /* TestsUtility.h */,
				80CF42A022C65E26008C9DD7 /* TestsUtility.m */,
			);
			path = FlickrImageSearchTests;
			sourceTree = "<group>";
		};
		8056109522C288CE005B6752 /* Constants */ = {
			isa = PBXGroup;
			children = (
				8056109622C2891E005B6752 /* FlickrConstants.h */,
			);
			path = Constants;
			sourceTree = "<group>";
		};
		8056109D22C2912A005B6752 /* NetworkOperations */ = {
			isa = PBXGroup;
			children = (
				804815FF22C3B39100A89E12 /* FlickrAsyncOperation.h */,
				8048160022C3B39100A89E12 /* FlickrAsyncOperation.m */,
				8048160A22C3E12500A89E12 /* PhotoDownloadService */,
				8048160922C3E10900A89E12 /* PhotoSearchService */,
				8048161122C3E40A00A89E12 /* FlickrPhotoSearchAndDownloadAsyncOperation.h */,
				8048161222C3E40A00A89E12 /* FlickrPhotoSearchAndDownloadAsyncOperation.m */,
			);
			path = NetworkOperations;
			sourceTree = "<group>";
		};
/* End PBXGroup section */

/* Begin PBXNativeTarget section */
		8056106C22C26299005B6752 /* FlickrImageSearch */ = {
			isa = PBXNativeTarget;
			buildConfigurationList = 8056108E22C2629A005B6752 /* Build configuration list for PBXNativeTarget "FlickrImageSearch" */;
			buildPhases = (
				8056106922C26299005B6752 /* Sources */,
				8056106A22C26299005B6752 /* Frameworks */,
				8056106B22C26299005B6752 /* Resources */,
			);
			buildRules = (
			);
			dependencies = (
			);
			name = FlickrImageSearch;
			productName = FlickrImageSearch;
			productReference = 8056106D22C26299005B6752 /* FlickrImageSearch.app */;
			productType = "com.apple.product-type.application";
		};
		8056108422C2629A005B6752 /* FlickrImageSearchTests */ = {
			isa = PBXNativeTarget;
			buildConfigurationList = 8056109122C2629A005B6752 /* Build configuration list for PBXNativeTarget "FlickrImageSearchTests" */;
			buildPhases = (
				8056108122C2629A005B6752 /* Sources */,
				8056108222C2629A005B6752 /* Frameworks */,
				8056108322C2629A005B6752 /* Resources */,
			);
			buildRules = (
			);
			dependencies = (
				8056108722C2629A005B6752 /* PBXTargetDependency */,
			);
			name = FlickrImageSearchTests;
			productName = FlickrImageSearchTests;
			productReference = 8056108522C2629A005B6752 /* FlickrImageSearchTests.xctest */;
			productType = "com.apple.product-type.bundle.unit-test";
		};
/* End PBXNativeTarget section */

/* Begin PBXProject section */
		8056106522C26299005B6752 /* Project object */ = {
			isa = PBXProject;
			attributes = {
				LastUpgradeCheck = 1020;
				ORGANIZATIONNAME = Neetika;
				TargetAttributes = {
					8056106C22C26299005B6752 = {
						CreatedOnToolsVersion = 10.2.1;
					};
					8056108422C2629A005B6752 = {
						CreatedOnToolsVersion = 10.2.1;
						TestTargetID = 8056106C22C26299005B6752;
					};
				};
			};
			buildConfigurationList = 8056106822C26299005B6752 /* Build configuration list for PBXProject "FlickrImageSearch" */;
			compatibilityVersion = "Xcode 9.3";
			developmentRegion = en;
			hasScannedForEncodings = 0;
			knownRegions = (
				en,
				Base,
			);
			mainGroup = 8056106422C26299005B6752;
			productRefGroup = 8056106E22C26299005B6752 /* Products */;
			projectDirPath = "";
			projectRoot = "";
			targets = (
				8056106C22C26299005B6752 /* FlickrImageSearch */,
				8056108422C2629A005B6752 /* FlickrImageSearchTests */,
			);
		};
/* End PBXProject section */

/* Begin PBXResourcesBuildPhase section */
		8056106B22C26299005B6752 /* Resources */ = {
			isa = PBXResourcesBuildPhase;
			buildActionMask = 2147483647;
			files = (
				8056107D22C2629A005B6752 /* LaunchScreen.storyboard in Resources */,
				8056107A22C2629A005B6752 /* Assets.xcassets in Resources */,
				8056107822C26299005B6752 /* Main.storyboard in Resources */,
			);
			runOnlyForDeploymentPostprocessing = 0;
		};
		8056108322C2629A005B6752 /* Resources */ = {
			isa = PBXResourcesBuildPhase;
			buildActionMask = 2147483647;
			files = (
				80CF429E22C6599F008C9DD7 /* FlickrPhotoSearchSample.json in Resources */,
				809B57F922C67AFC00229E23 /* placeholderSample.png in Resources */,
				80CF429A22C65975008C9DD7 /* FlickrPhotoSample.json in Resources */,
				80CF429C22C6598B008C9DD7 /* FlickrPhotoSearchPage2Sample.json in Resources */,
			);
			runOnlyForDeploymentPostprocessing = 0;
		};
/* End PBXResourcesBuildPhase section */

/* Begin PBXSourcesBuildPhase section */
		8056106922C26299005B6752 /* Sources */ = {
			isa = PBXSourcesBuildPhase;
			buildActionMask = 2147483647;
			files = (
				8056107522C26299005B6752 /* ViewController.m in Sources */,
				8056108022C2629A005B6752 /* main.m in Sources */,
				804815FE22C3A9BC00A89E12 /* FlickrPhotoSearchOperation.m in Sources */,
				8048162822C525C100A89E12 /* FlickrPhotoCache.m in Sources */,
				8048161322C3E40A00A89E12 /* FlickrPhotoSearchAndDownloadAsyncOperation.m in Sources */,
				8048160122C3B39100A89E12 /* FlickrAsyncOperation.m in Sources */,
				8048161722C3EE4C00A89E12 /* PhotoSearchViewModel.m in Sources */,
				8048162F22C52E0000A89E12 /* FlickrImageCell.m in Sources */,
				8056107222C26299005B6752 /* AppDelegate.m in Sources */,
				8048161022C3E34000A89E12 /* FlickrPhotoDownloadOperation.m in Sources */,
				8048160D22C3E17B00A89E12 /* FlickrPhotoDownloadService.m in Sources */,
				8048160822C3DADC00A89E12 /* FlickrPhoto.m in Sources */,
				805610A322C29301005B6752 /* FlickrPhotoSearchService.m in Sources */,
				8048160522C3DA3400A89E12 /* FlickrPhotosSearch.m in Sources */,
			);
			runOnlyForDeploymentPostprocessing = 0;
		};
		8056108122C2629A005B6752 /* Sources */ = {
			isa = PBXSourcesBuildPhase;
			buildActionMask = 2147483647;
			files = (
				80CF429222C657E5008C9DD7 /* FlickrPhotoSearchTests.m in Sources */,
				80CF429422C657FD008C9DD7 /* FlickrPhotoTests.m in Sources */,
				80CF428E22C655BC008C9DD7 /* FlickrSearchViewModelTests.m in Sources */,
				80CF429022C657BB008C9DD7 /* FlickrPhotoCacheTests.m in Sources */,
				80CF42A122C65E26008C9DD7 /* TestsUtility.m in Sources */,
			);
			runOnlyForDeploymentPostprocessing = 0;
		};
/* End PBXSourcesBuildPhase section */

/* Begin PBXTargetDependency section */
		8056108722C2629A005B6752 /* PBXTargetDependency */ = {
			isa = PBXTargetDependency;
			target = 8056106C22C26299005B6752 /* FlickrImageSearch */;
			targetProxy = 8056108622C2629A005B6752 /* PBXContainerItemProxy */;
		};
/* End PBXTargetDependency section */

/* Begin PBXVariantGroup section */
		8056107622C26299005B6752 /* Main.storyboard */ = {
			isa = PBXVariantGroup;
			children = (
				8056107722C26299005B6752 /* Base */,
			);
			name = Main.storyboard;
			sourceTree = "<group>";
		};
		8056107B22C2629A005B6752 /* LaunchScreen.storyboard */ = {
			isa = PBXVariantGroup;
			children = (
				8056107C22C2629A005B6752 /* Base */,
			);
			name = LaunchScreen.storyboard;
			sourceTree = "<group>";
		};
/* End PBXVariantGroup section */

/* Begin XCBuildConfiguration section */
		8056108C22C2629A005B6752 /* Debug */ = {
			isa = XCBuildConfiguration;
			buildSettings = {
				ALWAYS_SEARCH_USER_PATHS = NO;
				CLANG_ANALYZER_NONNULL = YES;
				CLANG_ANALYZER_NUMBER_OBJECT_CONVERSION = YES_AGGRESSIVE;
				CLANG_CXX_LANGUAGE_STANDARD = "gnu++14";
				CLANG_CXX_LIBRARY = "libc++";
				CLANG_ENABLE_MODULES = YES;
				CLANG_ENABLE_OBJC_ARC = YES;
				CLANG_ENABLE_OBJC_WEAK = YES;
				CLANG_WARN_BLOCK_CAPTURE_AUTORELEASING = YES;
				CLANG_WARN_BOOL_CONVERSION = YES;
				CLANG_WARN_COMMA = YES;
				CLANG_WARN_CONSTANT_CONVERSION = YES;
				CLANG_WARN_DEPRECATED_OBJC_IMPLEMENTATIONS = YES;
				CLANG_WARN_DIRECT_OBJC_ISA_USAGE = YES_ERROR;
				CLANG_WARN_DOCUMENTATION_COMMENTS = YES;
				CLANG_WARN_EMPTY_BODY = YES;
				CLANG_WARN_ENUM_CONVERSION = YES;
				CLANG_WARN_INFINITE_RECURSION = YES;
				CLANG_WARN_INT_CONVERSION = YES;
				CLANG_WARN_NON_LITERAL_NULL_CONVERSION = YES;
				CLANG_WARN_OBJC_IMPLICIT_RETAIN_SELF = YES;
				CLANG_WARN_OBJC_LITERAL_CONVERSION = YES;
				CLANG_WARN_OBJC_ROOT_CLASS = YES_ERROR;
				CLANG_WARN_RANGE_LOOP_ANALYSIS = YES;
				CLANG_WARN_STRICT_PROTOTYPES = YES;
				CLANG_WARN_SUSPICIOUS_MOVE = YES;
				CLANG_WARN_UNGUARDED_AVAILABILITY = YES_AGGRESSIVE;
				CLANG_WARN_UNREACHABLE_CODE = YES;
				CLANG_WARN__DUPLICATE_METHOD_MATCH = YES;
				CODE_SIGN_IDENTITY = "iPhone Developer";
				COPY_PHASE_STRIP = NO;
				DEBUG_INFORMATION_FORMAT = dwarf;
				ENABLE_STRICT_OBJC_MSGSEND = YES;
				ENABLE_TESTABILITY = YES;
				GCC_C_LANGUAGE_STANDARD = gnu11;
				GCC_DYNAMIC_NO_PIC = NO;
				GCC_NO_COMMON_BLOCKS = YES;
				GCC_OPTIMIZATION_LEVEL = 0;
				GCC_PREPROCESSOR_DEFINITIONS = (
					"DEBUG=1",
					"$(inherited)",
				);
				GCC_WARN_64_TO_32_BIT_CONVERSION = YES;
				GCC_WARN_ABOUT_RETURN_TYPE = YES_ERROR;
				GCC_WARN_UNDECLARED_SELECTOR = YES;
				GCC_WARN_UNINITIALIZED_AUTOS = YES_AGGRESSIVE;
				GCC_WARN_UNUSED_FUNCTION = YES;
				GCC_WARN_UNUSED_VARIABLE = YES;
				IPHONEOS_DEPLOYMENT_TARGET = 12.2;
				MTL_ENABLE_DEBUG_INFO = INCLUDE_SOURCE;
				MTL_FAST_MATH = YES;
				ONLY_ACTIVE_ARCH = YES;
				SDKROOT = iphoneos;
			};
			name = Debug;
		};
		8056108D22C2629A005B6752 /* Release */ = {
			isa = XCBuildConfiguration;
			buildSettings = {
				ALWAYS_SEARCH_USER_PATHS = NO;
				CLANG_ANALYZER_NONNULL = YES;
				CLANG_ANALYZER_NUMBER_OBJECT_CONVERSION = YES_AGGRESSIVE;
				CLANG_CXX_LANGUAGE_STANDARD = "gnu++14";
				CLANG_CXX_LIBRARY = "libc++";
				CLANG_ENABLE_MODULES = YES;
				CLANG_ENABLE_OBJC_ARC = YES;
				CLANG_ENABLE_OBJC_WEAK = YES;
				CLANG_WARN_BLOCK_CAPTURE_AUTORELEASING = YES;
				CLANG_WARN_BOOL_CONVERSION = YES;
				CLANG_WARN_COMMA = YES;
				CLANG_WARN_CONSTANT_CONVERSION = YES;
				CLANG_WARN_DEPRECATED_OBJC_IMPLEMENTATIONS = YES;
				CLANG_WARN_DIRECT_OBJC_ISA_USAGE = YES_ERROR;
				CLANG_WARN_DOCUMENTATION_COMMENTS = YES;
				CLANG_WARN_EMPTY_BODY = YES;
				CLANG_WARN_ENUM_CONVERSION = YES;
				CLANG_WARN_INFINITE_RECURSION = YES;
				CLANG_WARN_INT_CONVERSION = YES;
				CLANG_WARN_NON_LITERAL_NULL_CONVERSION = YES;
				CLANG_WARN_OBJC_IMPLICIT_RETAIN_SELF = YES;
				CLANG_WARN_OBJC_LITERAL_CONVERSION = YES;
				CLANG_WARN_OBJC_ROOT_CLASS = YES_ERROR;
				CLANG_WARN_RANGE_LOOP_ANALYSIS = YES;
				CLANG_WARN_STRICT_PROTOTYPES = YES;
				CLANG_WARN_SUSPICIOUS_MOVE = YES;
				CLANG_WARN_UNGUARDED_AVAILABILITY = YES_AGGRESSIVE;
				CLANG_WARN_UNREACHABLE_CODE = YES;
				CLANG_WARN__DUPLICATE_METHOD_MATCH = YES;
				CODE_SIGN_IDENTITY = "iPhone Developer";
				COPY_PHASE_STRIP = NO;
				DEBUG_INFORMATION_FORMAT = "dwarf-with-dsym";
				ENABLE_NS_ASSERTIONS = NO;
				ENABLE_STRICT_OBJC_MSGSEND = YES;
				GCC_C_LANGUAGE_STANDARD = gnu11;
				GCC_NO_COMMON_BLOCKS = YES;
				GCC_WARN_64_TO_32_BIT_CONVERSION = YES;
				GCC_WARN_ABOUT_RETURN_TYPE = YES_ERROR;
				GCC_WARN_UNDECLARED_SELECTOR = YES;
				GCC_WARN_UNINITIALIZED_AUTOS = YES_AGGRESSIVE;
				GCC_WARN_UNUSED_FUNCTION = YES;
				GCC_WARN_UNUSED_VARIABLE = YES;
				IPHONEOS_DEPLOYMENT_TARGET = 12.2;
				MTL_ENABLE_DEBUG_INFO = NO;
				MTL_FAST_MATH = YES;
				SDKROOT = iphoneos;
				VALIDATE_PRODUCT = YES;
			};
			name = Release;
		};
		8056108F22C2629A005B6752 /* Debug */ = {
			isa = XCBuildConfiguration;
			buildSettings = {
				ASSETCATALOG_COMPILER_APPICON_NAME = AppIcon;
				CODE_SIGN_STYLE = Automatic;
				INFOPLIST_FILE = FlickrImageSearch/Info.plist;
				LD_RUNPATH_SEARCH_PATHS = (
					"$(inherited)",
					"@executable_path/Frameworks",
				);
				PRODUCT_BUNDLE_IDENTIFIER = com.neetika.FlickrImageSearch;
				PRODUCT_NAME = "$(TARGET_NAME)";
				TARGETED_DEVICE_FAMILY = "1,2";
			};
			name = Debug;
		};
		8056109022C2629A005B6752 /* Release */ = {
			isa = XCBuildConfiguration;
			buildSettings = {
				ASSETCATALOG_COMPILER_APPICON_NAME = AppIcon;
				CODE_SIGN_STYLE = Automatic;
				INFOPLIST_FILE = FlickrImageSearch/Info.plist;
				LD_RUNPATH_SEARCH_PATHS = (
					"$(inherited)",
					"@executable_path/Frameworks",
				);
				PRODUCT_BUNDLE_IDENTIFIER = com.neetika.FlickrImageSearch;
				PRODUCT_NAME = "$(TARGET_NAME)";
				TARGETED_DEVICE_FAMILY = "1,2";
			};
			name = Release;
		};
		8056109222C2629A005B6752 /* Debug */ = {
			isa = XCBuildConfiguration;
			buildSettings = {
				BUNDLE_LOADER = "$(TEST_HOST)";
				CODE_SIGN_STYLE = Automatic;
				INFOPLIST_FILE = FlickrImageSearchTests/Info.plist;
				LD_RUNPATH_SEARCH_PATHS = (
					"$(inherited)",
					"@executable_path/Frameworks",
					"@loader_path/Frameworks",
				);
				PRODUCT_BUNDLE_IDENTIFIER = com.neetika.FlickrImageSearchTests;
				PRODUCT_NAME = "$(TARGET_NAME)";
				TARGETED_DEVICE_FAMILY = "1,2";
				TEST_HOST = "$(BUILT_PRODUCTS_DIR)/FlickrImageSearch.app/FlickrImageSearch";
			};
			name = Debug;
		};
		8056109322C2629A005B6752 /* Release */ = {
			isa = XCBuildConfiguration;
			buildSettings = {
				BUNDLE_LOADER = "$(TEST_HOST)";
				CODE_SIGN_STYLE = Automatic;
				INFOPLIST_FILE = FlickrImageSearchTests/Info.plist;
				LD_RUNPATH_SEARCH_PATHS = (
					"$(inherited)",
					"@executable_path/Frameworks",
					"@loader_path/Frameworks",
				);
				PRODUCT_BUNDLE_IDENTIFIER = com.neetika.FlickrImageSearchTests;
				PRODUCT_NAME = "$(TARGET_NAME)";
				TARGETED_DEVICE_FAMILY = "1,2";
				TEST_HOST = "$(BUILT_PRODUCTS_DIR)/FlickrImageSearch.app/FlickrImageSearch";
			};
			name = Release;
		};
/* End XCBuildConfiguration section */

/* Begin XCConfigurationList section */
		8056106822C26299005B6752 /* Build configuration list for PBXProject "FlickrImageSearch" */ = {
			isa = XCConfigurationList;
			buildConfigurations = (
				8056108C22C2629A005B6752 /* Debug */,
				8056108D22C2629A005B6752 /* Release */,
			);
			defaultConfigurationIsVisible = 0;
			defaultConfigurationName = Release;
		};
		8056108E22C2629A005B6752 /* Build configuration list for PBXNativeTarget "FlickrImageSearch" */ = {
			isa = XCConfigurationList;
			buildConfigurations = (
				8056108F22C2629A005B6752 /* Debug */,
				8056109022C2629A005B6752 /* Release */,
			);
			defaultConfigurationIsVisible = 0;
			defaultConfigurationName = Release;
		};
		8056109122C2629A005B6752 /* Build configuration list for PBXNativeTarget "FlickrImageSearchTests" */ = {
			isa = XCConfigurationList;
			buildConfigurations = (
				8056109222C2629A005B6752 /* Debug */,
				8056109322C2629A005B6752 /* Release */,
			);
			defaultConfigurationIsVisible = 0;
			defaultConfigurationName = Release;
		};
/* End XCConfigurationList section */
	};
	rootObject = 8056106522C26299005B6752 /* Project object */;
}
